
Microsoft Visual Studio Solution File, Format Version 12.00
# Visual Studio Version 17
VisualStudioVersion = 17.3.32929.385
MinimumVisualStudioVersion = 10.0.40219.1
Project("{FAE04EC0-301F-11D3-BF4B-00C04F79EFBC}") = "Kalet.ArqLimpia.EN", "Kalet.ArqLimpia.EN\Kalet.ArqLimpia.EN.csproj", "{590A8103-D948-4DA9-8952-044A2137F210}"
EndProject
Project("{2150E333-8FDC-42A3-9474-1A3956D46DE8}") = "Enterprise Bussines Rules", "Enterprise Bussines Rules", "{65A4D330-8681-4530-8E5D-C43C72C4466A}"
EndProject
Project("{2150E333-8FDC-42A3-9474-1A3956D46DE8}") = "Aplication Bussines Rules", "Aplication Bussines Rules", "{3328AA02-A9F6-4363-80BF-9538A4AAE604}"
EndProject
Project("{2150E333-8FDC-42A3-9474-1A3956D46DE8}") = "FrameworksDrivers", "FrameworksDrivers", "{386B91A5-1C02-4946-8BCC-BB6D0F4A25B2}"
EndProject
Project("{2150E333-8FDC-42A3-9474-1A3956D46DE8}") = "Interface Adapter", "Interface Adapter", "{3DD237D6-82B2-45BA-B3A3-843BD1283CB1}"
EndProject
Project("{FAE04EC0-301F-11D3-BF4B-00C04F79EFBC}") = "Kalet.ArqLimpia.EN.Interfaces", "Kalet.ArqLimpia.EN.Interfaces\Kalet.ArqLimpia.EN.Interfaces.csproj", "{2FCCEE8A-64B9-4B1B-8E0B-001153C012B9}"
EndProject
Project("{FAE04EC0-301F-11D3-BF4B-00C04F79EFBC}") = "Kalet.ArqLimpi.BL", "Kalet.ArqLimpi.BL\Kalet.ArqLimpi.BL.csproj", "{455B0000-4C8C-47EF-8405-6AE2E3D5E6AE}"
EndProject
Project("{FAE04EC0-301F-11D3-BF4B-00C04F79EFBC}") = "Kalet.ArqLimpia.BL.Interfaces", "Kalet.ArqLimpia.BL.Interfaces\Kalet.ArqLimpia.BL.Interfaces.csproj", "{F96D172D-15C5-4B15-9893-D68093BEF396}"
EndProject
Project("{FAE04EC0-301F-11D3-BF4B-00C04F79EFBC}") = "Kalet.ArqLimpia.BL.DTOs", "Kalet.ArqLimpia.BL.DTOs\Kalet.ArqLimpia.BL.DTOs.csproj", "{AF958A92-7423-4F37-AE6C-1D66E89C2387}"
EndProject
Project("{FAE04EC0-301F-11D3-BF4B-00C04F79EFBC}") = "Kalet.ArqLimpia.DAL", "Kalet.ArqLimpia.DAL\Kalet.ArqLimpia.DAL.csproj", "{8D05395B-B0C2-4E6F-A556-AC8ED3040D71}"
EndProject
Project("{FAE04EC0-301F-11D3-BF4B-00C04F79EFBC}") = "Kalet.ArqLimpia.IoC", "Kalet.ArqLimpia.IoC\Kalet.ArqLimpia.IoC.csproj", "{D48204DD-F536-48C7-92E3-C410736353AF}"
EndProject
Project("{FAE04EC0-301F-11D3-BF4B-00C04F79EFBC}") = "Kalet.AqrLimpia.API", "Kalet.AqrLimpia.API\Kalet.AqrLimpia.API.csproj", "{82D73E90-C523-4D07-907E-D3AB83CE4EAA}"
EndProject
Global
	GlobalSection(SolutionConfigurationPlatforms) = preSolution
		Debug|Any CPU = Debug|Any CPU
		Release|Any CPU = Release|Any CPU
	EndGlobalSection
	GlobalSection(ProjectConfigurationPlatforms) = postSolution
		{590A8103-D948-4DA9-8952-044A2137F210}.Debug|Any CPU.ActiveCfg = Debug|Any CPU
		{590A8103-D948-4DA9-8952-044A2137F210}.Debug|Any CPU.Build.0 = Debug|Any CPU
		{590A8103-D948-4DA9-8952-044A2137F210}.Release|Any CPU.ActiveCfg = Release|Any CPU
		{590A8103-D948-4DA9-8952-044A2137F210}.Release|Any CPU.Build.0 = Release|Any CPU
		{2FCCEE8A-64B9-4B1B-8E0B-001153C012B9}.Debug|Any CPU.ActiveCfg = Debug|Any CPU
		{2FCCEE8A-64B9-4B1B-8E0B-001153C012B9}.Debug|Any CPU.Build.0 = Debug|Any CPU
		{2FCCEE8A-64B9-4B1B-8E0B-001153C012B9}.Release|Any CPU.ActiveCfg = Release|Any CPU
		{2FCCEE8A-64B9-4B1B-8E0B-001153C012B9}.Release|Any CPU.Build.0 = Release|Any CPU
		{455B0000-4C8C-47EF-8405-6AE2E3D5E6AE}.Debug|Any CPU.ActiveCfg = Debug|Any CPU
		{455B0000-4C8C-47EF-8405-6AE2E3D5E6AE}.Debug|Any CPU.Build.0 = Debug|Any CPU
		{455B0000-4C8C-47EF-8405-6AE2E3D5E6AE}.Release|Any CPU.ActiveCfg = Release|Any CPU
		{455B0000-4C8C-47EF-8405-6AE2E3D5E6AE}.Release|Any CPU.Build.0 = Release|Any CPU
		{F96D172D-15C5-4B15-9893-D68093BEF396}.Debug|Any CPU.ActiveCfg = Debug|Any CPU
		{F96D172D-15C5-4B15-9893-D68093BEF396}.Debug|Any CPU.Build.0 = Debug|Any CPU
		{F96D172D-15C5-4B15-9893-D68093BEF396}.Release|Any CPU.ActiveCfg = Release|Any CPU
		{F96D172D-15C5-4B15-9893-D68093BEF396}.Release|Any CPU.Build.0 = Release|Any CPU
		{AF958A92-7423-4F37-AE6C-1D66E89C2387}.Debug|Any CPU.ActiveCfg = Debug|Any CPU
		{AF958A92-7423-4F37-AE6C-1D66E89C2387}.Debug|Any CPU.Build.0 = Debug|Any CPU
		{AF958A92-7423-4F37-AE6C-1D66E89C2387}.Release|Any CPU.ActiveCfg = Release|Any CPU
		{AF958A92-7423-4F37-AE6C-1D66E89C2387}.Release|Any CPU.Build.0 = Release|Any CPU
		{8D05395B-B0C2-4E6F-A556-AC8ED3040D71}.Debug|Any CPU.ActiveCfg = Debug|Any CPU
		{8D05395B-B0C2-4E6F-A556-AC8ED3040D71}.Debug|Any CPU.Build.0 = Debug|Any CPU
		{8D05395B-B0C2-4E6F-A556-AC8ED3040D71}.Release|Any CPU.ActiveCfg = Release|Any CPU
		{8D05395B-B0C2-4E6F-A556-AC8ED3040D71}.Release|Any CPU.Build.0 = Release|Any CPU
		{D48204DD-F536-48C7-92E3-C410736353AF}.Debug|Any CPU.ActiveCfg = Debug|Any CPU
		{D48204DD-F536-48C7-92E3-C410736353AF}.Debug|Any CPU.Build.0 = Debug|Any CPU
		{D48204DD-F536-48C7-92E3-C410736353AF}.Release|Any CPU.ActiveCfg = Release|Any CPU
		{D48204DD-F536-48C7-92E3-C410736353AF}.Release|Any CPU.Build.0 = Release|Any CPU
		{82D73E90-C523-4D07-907E-D3AB83CE4EAA}.Debug|Any CPU.ActiveCfg = Debug|Any CPU
		{82D73E90-C523-4D07-907E-D3AB83CE4EAA}.Debug|Any CPU.Build.0 = Debug|Any CPU
		{82D73E90-C523-4D07-907E-D3AB83CE4EAA}.Release|Any CPU.ActiveCfg = Release|Any CPU
		{82D73E90-C523-4D07-907E-D3AB83CE4EAA}.Release|Any CPU.Build.0 = Release|Any CPU
	EndGlobalSection
	GlobalSection(SolutionProperties) = preSolution
		HideSolutionNode = FALSE
	EndGlobalSection
	GlobalSection(NestedProjects) = preSolution
		{590A8103-D948-4DA9-8952-044A2137F210} = {65A4D330-8681-4530-8E5D-C43C72C4466A}
		{2FCCEE8A-64B9-4B1B-8E0B-001153C012B9} = {65A4D330-8681-4530-8E5D-C43C72C4466A}
		{455B0000-4C8C-47EF-8405-6AE2E3D5E6AE} = {3328AA02-A9F6-4363-80BF-9538A4AAE604}
		{F96D172D-15C5-4B15-9893-D68093BEF396} = {3328AA02-A9F6-4363-80BF-9538A4AAE604}
		{AF958A92-7423-4F37-AE6C-1D66E89C2387} = {3328AA02-A9F6-4363-80BF-9538A4AAE604}
		{8D05395B-B0C2-4E6F-A556-AC8ED3040D71} = {3DD237D6-82B2-45BA-B3A3-843BD1283CB1}
		{D48204DD-F536-48C7-92E3-C410736353AF} = {3DD237D6-82B2-45BA-B3A3-843BD1283CB1}
		{82D73E90-C523-4D07-907E-D3AB83CE4EAA} = {386B91A5-1C02-4946-8BCC-BB6D0F4A25B2}
	EndGlobalSection
	GlobalSection(ExtensibilityGlobals) = postSolution
		SolutionGuid = {B2B3371A-5C24-4D52-AF88-C7ECB7F84CE4}
	EndGlobalSection
EndGlobal
